
Microsoft Visual Studio Solution File, Format Version 12.00
# Visual Studio 2013
VisualStudioVersion = 12.0.31101.0
MinimumVisualStudioVersion = 10.0.40219.1
Project("{FAE04EC0-301F-11D3-BF4B-00C04F79EFBC}") = "Calculator", "Calculator\Calculator.csproj", "{C207137F-4C88-4DC0-9F9F-0DD135DDCD7D}"
EndProject
Project("{FAE04EC0-301F-11D3-BF4B-00C04F79EFBC}") = "CalculatorTest", "CalculatorTest\CalculatorTest.csproj", "{0DA6B3C7-49BE-4BB3-A832-2C1D0B9BDDCE}"
EndProject
Global
	GlobalSection(SolutionConfigurationPlatforms) = preSolution
		Debug|Any CPU = Debug|Any CPU
		Release|Any CPU = Release|Any CPU
	EndGlobalSection
	GlobalSection(ProjectConfigurationPlatforms) = postSolution
		{C207137F-4C88-4DC0-9F9F-0DD135DDCD7D}.Debug|Any CPU.ActiveCfg = Debug|Any CPU
		{C207137F-4C88-4DC0-9F9F-0DD135DDCD7D}.Debug|Any CPU.Build.0 = Debug|Any CPU
		{C207137F-4C88-4DC0-9F9F-0DD135DDCD7D}.Release|Any CPU.ActiveCfg = Release|Any CPU
		{C207137F-4C88-4DC0-9F9F-0DD135DDCD7D}.Release|Any CPU.Build.0 = Release|Any CPU
		{0DA6B3C7-49BE-4BB3-A832-2C1D0B9BDDCE}.Debug|Any CPU.ActiveCfg = Debug|Any CPU
		{0DA6B3C7-49BE-4BB3-A832-2C1D0B9BDDCE}.Debug|Any CPU.Build.0 = Debug|Any CPU
		{0DA6B3C7-49BE-4BB3-A832-2C1D0B9BDDCE}.Release|Any CPU.ActiveCfg = Release|Any CPU
		{0DA6B3C7-49BE-4BB3-A832-2C1D0B9BDDCE}.Release|Any CPU.Build.0 = Release|Any CPU
	EndGlobalSection
	GlobalSection(SolutionProperties) = preSolution
		HideSolutionNode = FALSE
	EndGlobalSection
EndGlobal
